
Microsoft Visual Studio Solution File, Format Version 12.00
# Visual Studio 14
VisualStudioVersion = 14.0.25123.0
MinimumVisualStudioVersion = 10.0.40219.1
Project("{FAE04EC0-301F-11D3-BF4B-00C04F79EFBC}") = "PHRMSEMR", "PHRMSEMR\PHRMSEMR.csproj", "{D53E3B35-ED23-4E06-86B7-DC623707B673}"
EndProject
Project("{FAE04EC0-301F-11D3-BF4B-00C04F79EFBC}") = "EMRLib", "EMRLib\EMRLib.csproj", "{67E2515C-4AA7-480B-A2DE-CE6927805607}"
EndProject
Project("{FAE04EC0-301F-11D3-BF4B-00C04F79EFBC}") = "EMRViewModels", "EMRViewModels\EMRViewModels.csproj", "{18048B21-32C9-4AB1-AF70-8610AFCBE90F}"
EndProject
Global
	GlobalSection(SolutionConfigurationPlatforms) = preSolution
		Debug|Any CPU = Debug|Any CPU
		Release|Any CPU = Release|Any CPU
	EndGlobalSection
	GlobalSection(ProjectConfigurationPlatforms) = postSolution
		{D53E3B35-ED23-4E06-86B7-DC623707B673}.Debug|Any CPU.ActiveCfg = Debug|Any CPU
		{D53E3B35-ED23-4E06-86B7-DC623707B673}.Debug|Any CPU.Build.0 = Debug|Any CPU
		{D53E3B35-ED23-4E06-86B7-DC623707B673}.Release|Any CPU.ActiveCfg = Release|Any CPU
		{D53E3B35-ED23-4E06-86B7-DC623707B673}.Release|Any CPU.Build.0 = Release|Any CPU
		{67E2515C-4AA7-480B-A2DE-CE6927805607}.Debug|Any CPU.ActiveCfg = Debug|Any CPU
		{67E2515C-4AA7-480B-A2DE-CE6927805607}.Debug|Any CPU.Build.0 = Debug|Any CPU
		{67E2515C-4AA7-480B-A2DE-CE6927805607}.Release|Any CPU.ActiveCfg = Release|Any CPU
		{67E2515C-4AA7-480B-A2DE-CE6927805607}.Release|Any CPU.Build.0 = Release|Any CPU
		{18048B21-32C9-4AB1-AF70-8610AFCBE90F}.Debug|Any CPU.ActiveCfg = Debug|Any CPU
		{18048B21-32C9-4AB1-AF70-8610AFCBE90F}.Debug|Any CPU.Build.0 = Debug|Any CPU
		{18048B21-32C9-4AB1-AF70-8610AFCBE90F}.Release|Any CPU.ActiveCfg = Release|Any CPU
		{18048B21-32C9-4AB1-AF70-8610AFCBE90F}.Release|Any CPU.Build.0 = Release|Any CPU
	EndGlobalSection
	GlobalSection(SolutionProperties) = preSolution
		HideSolutionNode = FALSE
	EndGlobalSection
EndGlobal
